
Microsoft Visual Studio Solution File, Format Version 12.00
# Visual Studio Version 16
VisualStudioVersion = 16.0.34407.143
MinimumVisualStudioVersion = 10.0.40219.1
Project("{FAE04EC0-301F-11D3-BF4B-00C04F79EFBC}") = "FinBaseWebApp", "FinBaseWebApp\FinBaseWebApp.csproj", "{B7C75264-C88E-4EB9-8D7C-DB7659D37B1E}"
EndProject
Global
	GlobalSection(SolutionConfigurationPlatforms) = preSolution
		Debug|Any CPU = Debug|Any CPU
		Release|Any CPU = Release|Any CPU
	EndGlobalSection
	GlobalSection(ProjectConfigurationPlatforms) = postSolution
		{B7C75264-C88E-4EB9-8D7C-DB7659D37B1E}.Debug|Any CPU.ActiveCfg = Debug|Any CPU
		{B7C75264-C88E-4EB9-8D7C-DB7659D37B1E}.Debug|Any CPU.Build.0 = Debug|Any CPU
		{B7C75264-C88E-4EB9-8D7C-DB7659D37B1E}.Release|Any CPU.ActiveCfg = Release|Any CPU
		{B7C75264-C88E-4EB9-8D7C-DB7659D37B1E}.Release|Any CPU.Build.0 = Release|Any CPU
	EndGlobalSection
	GlobalSection(SolutionProperties) = preSolution
		HideSolutionNode = FALSE
	EndGlobalSection
	GlobalSection(ExtensibilityGlobals) = postSolution
		SolutionGuid = {95C018D7-DDAC-49D9-844E-541DBC0C51BF}
	EndGlobalSection
EndGlobal
